
Microsoft Visual Studio Solution File, Format Version 12.00
# Visual Studio Version 16
VisualStudioVersion = 16.0.29519.87
MinimumVisualStudioVersion = 10.0.40219.1
Project("{FAE04EC0-301F-11D3-BF4B-00C04F79EFBC}") = "Gallery.Core", "Gallery.Core\Gallery.Core.csproj", "{9D388DBC-65ED-4FEF-ADBF-0DA62F2F9939}"
EndProject
Project("{FAE04EC0-301F-11D3-BF4B-00C04F79EFBC}") = "Gallery.Droid", "Gallery.Droid\Gallery.Droid.csproj", "{4AA834E3-505A-4103-A7A7-002F686A9329}"
EndProject
Global
	GlobalSection(SolutionConfigurationPlatforms) = preSolution
		Debug|Any CPU = Debug|Any CPU
		Release|Any CPU = Release|Any CPU
	EndGlobalSection
	GlobalSection(ProjectConfigurationPlatforms) = postSolution
		{9D388DBC-65ED-4FEF-ADBF-0DA62F2F9939}.Debug|Any CPU.ActiveCfg = Debug|Any CPU
		{9D388DBC-65ED-4FEF-ADBF-0DA62F2F9939}.Debug|Any CPU.Build.0 = Debug|Any CPU
		{9D388DBC-65ED-4FEF-ADBF-0DA62F2F9939}.Release|Any CPU.ActiveCfg = Release|Any CPU
		{9D388DBC-65ED-4FEF-ADBF-0DA62F2F9939}.Release|Any CPU.Build.0 = Release|Any CPU
		{4AA834E3-505A-4103-A7A7-002F686A9329}.Debug|Any CPU.ActiveCfg = Debug|Any CPU
		{4AA834E3-505A-4103-A7A7-002F686A9329}.Debug|Any CPU.Build.0 = Debug|Any CPU
		{4AA834E3-505A-4103-A7A7-002F686A9329}.Debug|Any CPU.Deploy.0 = Debug|Any CPU
		{4AA834E3-505A-4103-A7A7-002F686A9329}.Release|Any CPU.ActiveCfg = Release|Any CPU
		{4AA834E3-505A-4103-A7A7-002F686A9329}.Release|Any CPU.Build.0 = Release|Any CPU
		{4AA834E3-505A-4103-A7A7-002F686A9329}.Release|Any CPU.Deploy.0 = Release|Any CPU
	EndGlobalSection
	GlobalSection(SolutionProperties) = preSolution
		HideSolutionNode = FALSE
	EndGlobalSection
	GlobalSection(ExtensibilityGlobals) = postSolution
		SolutionGuid = {D28929B0-9CBE-4DB6-854E-A1FEC6455E6C}
	EndGlobalSection
EndGlobal
